
Microsoft Visual Studio Solution File, Format Version 12.00
# Visual Studio Version 16
VisualStudioVersion = 16.0.29411.108
MinimumVisualStudioVersion = 10.0.40219.1
Project("{FAE04EC0-301F-11D3-BF4B-00C04F79EFBC}") = "BackOffice", "BackOffice\BackOffice.csproj", "{DE73A141-3C97-471B-90CE-F1313AA086D4}"
EndProject
Global
	GlobalSection(SolutionConfigurationPlatforms) = preSolution
		Debug|Any CPU = Debug|Any CPU
		Release|Any CPU = Release|Any CPU
	EndGlobalSection
	GlobalSection(ProjectConfigurationPlatforms) = postSolution
		{DE73A141-3C97-471B-90CE-F1313AA086D4}.Debug|Any CPU.ActiveCfg = Debug|Any CPU
		{DE73A141-3C97-471B-90CE-F1313AA086D4}.Debug|Any CPU.Build.0 = Debug|Any CPU
		{DE73A141-3C97-471B-90CE-F1313AA086D4}.Release|Any CPU.ActiveCfg = Release|Any CPU
		{DE73A141-3C97-471B-90CE-F1313AA086D4}.Release|Any CPU.Build.0 = Release|Any CPU
	EndGlobalSection
	GlobalSection(SolutionProperties) = preSolution
		HideSolutionNode = FALSE
	EndGlobalSection
	GlobalSection(ExtensibilityGlobals) = postSolution
		SolutionGuid = {0AA5FC0C-3DDE-4F6E-BEC6-B674AA5D1FA0}
	EndGlobalSection
EndGlobal
